// !$*UTF8*$!
{
	archiveVersion = 1;
	classes = {
	};
	objectVersion = 50;
	objects = {

/* Begin PBXBuildFile section */
		BC8CB34D2522270400AA4ED9 /* AppDelegate.swift in Sources */ = {isa = PBXBuildFile; fileRef = BC8CB34C2522270400AA4ED9 /* AppDelegate.swift */; };
		BC8CB34F2522270400AA4ED9 /* SceneDelegate.swift in Sources */ = {isa = PBXBuildFile; fileRef = BC8CB34E2522270400AA4ED9 /* SceneDelegate.swift */; };
		BC8CB3512522270400AA4ED9 /* ViewController.swift in Sources */ = {isa = PBXBuildFile; fileRef = BC8CB3502522270400AA4ED9 /* ViewController.swift */; };
		BC8CB3542522270500AA4ED9 /* Main.storyboard in Resources */ = {isa = PBXBuildFile; fileRef = BC8CB3522522270500AA4ED9 /* Main.storyboard */; };
		BC8CB3562522271400AA4ED9 /* Assets.xcassets in Resources */ = {isa = PBXBuildFile; fileRef = BC8CB3552522271400AA4ED9 /* Assets.xcassets */; };
		BC8CB3592522271400AA4ED9 /* LaunchScreen.storyboard in Resources */ = {isa = PBXBuildFile; fileRef = BC8CB3572522271400AA4ED9 /* LaunchScreen.storyboard */; };
		BC8CB36225222B1F00AA4ED9 /* words-en.txt in Resources */ = {isa = PBXBuildFile; fileRef = BC8CB36125222B1F00AA4ED9 /* words-en.txt */; };
		BC8CB38025224C6C00AA4ED9 /* step5.png in Resources */ = {isa = PBXBuildFile; fileRef = BC8CB37825224C6B00AA4ED9 /* step5.png */; };
		BC8CB38125224C6C00AA4ED9 /* step4.png in Resources */ = {isa = PBXBuildFile; fileRef = BC8CB37925224C6B00AA4ED9 /* step4.png */; };
		BC8CB38225224C6C00AA4ED9 /* step6.png in Resources */ = {isa = PBXBuildFile; fileRef = BC8CB37A25224C6B00AA4ED9 /* step6.png */; };
		BC8CB38325224C6C00AA4ED9 /* step7.png in Resources */ = {isa = PBXBuildFile; fileRef = BC8CB37B25224C6B00AA4ED9 /* step7.png */; };
		BC8CB38425224C6C00AA4ED9 /* step3.png in Resources */ = {isa = PBXBuildFile; fileRef = BC8CB37C25224C6B00AA4ED9 /* step3.png */; };
		BC8CB38525224C6C00AA4ED9 /* step2.png in Resources */ = {isa = PBXBuildFile; fileRef = BC8CB37D25224C6B00AA4ED9 /* step2.png */; };
		BC8CB38625224C6C00AA4ED9 /* step0.png in Resources */ = {isa = PBXBuildFile; fileRef = BC8CB37E25224C6B00AA4ED9 /* step0.png */; };
		BC8CB38725224C6C00AA4ED9 /* step1.png in Resources */ = {isa = PBXBuildFile; fileRef = BC8CB37F25224C6B00AA4ED9 /* step1.png */; };
/* End PBXBuildFile section */

/* Begin PBXFileReference section */
		BC8CB3492522270400AA4ED9 /* Hangman.app */ = {isa = PBXFileReference; explicitFileType = wrapper.application; includeInIndex = 0; path = Hangman.app; sourceTree = BUILT_PRODUCTS_DIR; };
		BC8CB34C2522270400AA4ED9 /* AppDelegate.swift */ = {isa = PBXFileReference; lastKnownFileType = sourcecode.swift; path = AppDelegate.swift; sourceTree = "<group>"; };
		BC8CB34E2522270400AA4ED9 /* SceneDelegate.swift */ = {isa = PBXFileReference; lastKnownFileType = sourcecode.swift; path = SceneDelegate.swift; sourceTree = "<group>"; };
		BC8CB3502522270400AA4ED9 /* ViewController.swift */ = {isa = PBXFileReference; lastKnownFileType = sourcecode.swift; path = ViewController.swift; sourceTree = "<group>"; };
		BC8CB3532522270500AA4ED9 /* Base */ = {isa = PBXFileReference; lastKnownFileType = file.storyboard; name = Base; path = Base.lproj/Main.storyboard; sourceTree = "<group>"; };
		BC8CB3552522271400AA4ED9 /* Assets.xcassets */ = {isa = PBXFileReference; lastKnownFileType = folder.assetcatalog; path = Assets.xcassets; sourceTree = "<group>"; };
		BC8CB3582522271400AA4ED9 /* Base */ = {isa = PBXFileReference; lastKnownFileType = file.storyboard; name = Base; path = Base.lproj/LaunchScreen.storyboard; sourceTree = "<group>"; };
		BC8CB35A2522271400AA4ED9 /* Info.plist */ = {isa = PBXFileReference; lastKnownFileType = text.plist.xml; path = Info.plist; sourceTree = "<group>"; };
		BC8CB36125222B1F00AA4ED9 /* words-en.txt */ = {isa = PBXFileReference; fileEncoding = 4; lastKnownFileType = text; path = "words-en.txt"; sourceTree = "<group>"; };
		BC8CB37825224C6B00AA4ED9 /* step5.png */ = {isa = PBXFileReference; lastKnownFileType = image.png; path = step5.png; sourceTree = "<group>"; };
		BC8CB37925224C6B00AA4ED9 /* step4.png */ = {isa = PBXFileReference; lastKnownFileType = image.png; path = step4.png; sourceTree = "<group>"; };
		BC8CB37A25224C6B00AA4ED9 /* step6.png */ = {isa = PBXFileReference; lastKnownFileType = image.png; path = step6.png; sourceTree = "<group>"; };
		BC8CB37B25224C6B00AA4ED9 /* step7.png */ = {isa = PBXFileReference; lastKnownFileType = image.png; path = step7.png; sourceTree = "<group>"; };
		BC8CB37C25224C6B00AA4ED9 /* step3.png */ = {isa = PBXFileReference; lastKnownFileType = image.png; path = step3.png; sourceTree = "<group>"; };
		BC8CB37D25224C6B00AA4ED9 /* step2.png */ = {isa = PBXFileReference; lastKnownFileType = image.png; path = step2.png; sourceTree = "<group>"; };
		BC8CB37E25224C6B00AA4ED9 /* step0.png */ = {isa = PBXFileReference; lastKnownFileType = image.png; path = step0.png; sourceTree = "<group>"; };
		BC8CB37F25224C6B00AA4ED9 /* step1.png */ = {isa = PBXFileReference; lastKnownFileType = image.png; path = step1.png; sourceTree = "<group>"; };
/* End PBXFileReference section */

/* Begin PBXFrameworksBuildPhase section */
		BC8CB3462522270400AA4ED9 /* Frameworks */ = {
			isa = PBXFrameworksBuildPhase;
			buildActionMask = 2147483647;
			files = (
			);
			runOnlyForDeploymentPostprocessing = 0;
		};
/* End PBXFrameworksBuildPhase section */

/* Begin PBXGroup section */
		BC0A7A7F2524FE60008A2F10 /* Words */ = {
			isa = PBXGroup;
			children = (
				BC8CB36125222B1F00AA4ED9 /* words-en.txt */,
			);
			path = Words;
			sourceTree = "<group>";
		};
		BC8CB3402522270300AA4ED9 = {
			isa = PBXGroup;
			children = (
				BC8CB34B2522270400AA4ED9 /* Hangman */,
				BC8CB34A2522270400AA4ED9 /* Products */,
			);
			sourceTree = "<group>";
		};
		BC8CB34A2522270400AA4ED9 /* Products */ = {
			isa = PBXGroup;
			children = (
				BC8CB3492522270400AA4ED9 /* Hangman.app */,
			);
			name = Products;
			sourceTree = "<group>";
		};
		BC8CB34B2522270400AA4ED9 /* Hangman */ = {
			isa = PBXGroup;
			children = (
				BC0A7A7F2524FE60008A2F10 /* Words */,
				BC8CB34C2522270400AA4ED9 /* AppDelegate.swift */,
				BC8CB34E2522270400AA4ED9 /* SceneDelegate.swift */,
				BC8CB3502522270400AA4ED9 /* ViewController.swift */,
				BC8CB3522522270500AA4ED9 /* Main.storyboard */,
				BC8CB3552522271400AA4ED9 /* Assets.xcassets */,
				BC8CB37725224C6B00AA4ED9 /* images1 */,
				BC8CB3572522271400AA4ED9 /* LaunchScreen.storyboard */,
				BC8CB35A2522271400AA4ED9 /* Info.plist */,
			);
			path = Hangman;
			sourceTree = "<group>";
		};
		BC8CB37725224C6B00AA4ED9 /* images1 */ = {
			isa = PBXGroup;
			children = (
				BC8CB37825224C6B00AA4ED9 /* step5.png */,
				BC8CB37925224C6B00AA4ED9 /* step4.png */,
				BC8CB37A25224C6B00AA4ED9 /* step6.png */,
				BC8CB37B25224C6B00AA4ED9 /* step7.png */,
				BC8CB37C25224C6B00AA4ED9 /* step3.png */,
				BC8CB37D25224C6B00AA4ED9 /* step2.png */,
				BC8CB37E25224C6B00AA4ED9 /* step0.png */,
				BC8CB37F25224C6B00AA4ED9 /* step1.png */,
			);
			path = images1;
			sourceTree = "<group>";
		};
/* End PBXGroup section */

/* Begin PBXNativeTarget section */
		BC8CB3482522270400AA4ED9 /* Hangman */ = {
			isa = PBXNativeTarget;
			buildConfigurationList = BC8CB35D2522271400AA4ED9 /* Build configuration list for PBXNativeTarget "Hangman" */;
			buildPhases = (
				BC8CB3452522270400AA4ED9 /* Sources */,
				BC8CB3462522270400AA4ED9 /* Frameworks */,
				BC8CB3472522270400AA4ED9 /* Resources */,
			);
			buildRules = (
			);
			dependencies = (
			);
			name = Hangman;
			productName = Hangman;
			productReference = BC8CB3492522270400AA4ED9 /* Hangman.app */;
			productType = "com.apple.product-type.application";
		};
/* End PBXNativeTarget section */

/* Begin PBXProject section */
		BC8CB3412522270400AA4ED9 /* Project object */ = {
			isa = PBXProject;
			attributes = {
				LastSwiftUpdateCheck = 1200;
				LastUpgradeCheck = 1200;
				TargetAttributes = {
					BC8CB3482522270400AA4ED9 = {
						CreatedOnToolsVersion = 12.0.1;
					};
				};
			};
			buildConfigurationList = BC8CB3442522270400AA4ED9 /* Build configuration list for PBXProject "Hangman" */;
			compatibilityVersion = "Xcode 9.3";
			developmentRegion = en;
			hasScannedForEncodings = 0;
			knownRegions = (
				en,
				Base,
			);
			mainGroup = BC8CB3402522270300AA4ED9;
			productRefGroup = BC8CB34A2522270400AA4ED9 /* Products */;
			projectDirPath = "";
			projectRoot = "";
			targets = (
				BC8CB3482522270400AA4ED9 /* Hangman */,
			);
		};
/* End PBXProject section */

/* Begin PBXResourcesBuildPhase section */
		BC8CB3472522270400AA4ED9 /* Resources */ = {
			isa = PBXResourcesBuildPhase;
			buildActionMask = 2147483647;
			files = (
				BC8CB38725224C6C00AA4ED9 /* step1.png in Resources */,
				BC8CB38225224C6C00AA4ED9 /* step6.png in Resources */,
				BC8CB3592522271400AA4ED9 /* LaunchScreen.storyboard in Resources */,
				BC8CB36225222B1F00AA4ED9 /* words-en.txt in Resources */,
				BC8CB38425224C6C00AA4ED9 /* step3.png in Resources */,
				BC8CB38625224C6C00AA4ED9 /* step0.png in Resources */,
				BC8CB38025224C6C00AA4ED9 /* step5.png in Resources */,
				BC8CB38125224C6C00AA4ED9 /* step4.png in Resources */,
				BC8CB38525224C6C00AA4ED9 /* step2.png in Resources */,
				BC8CB3562522271400AA4ED9 /* Assets.xcassets in Resources */,
				BC8CB3542522270500AA4ED9 /* Main.storyboard in Resources */,
				BC8CB38325224C6C00AA4ED9 /* step7.png in Resources */,
			);
			runOnlyForDeploymentPostprocessing = 0;
		};
/* End PBXResourcesBuildPhase section */

/* Begin PBXSourcesBuildPhase section */
		BC8CB3452522270400AA4ED9 /* Sources */ = {
			isa = PBXSourcesBuildPhase;
			buildActionMask = 2147483647;
			files = (
				BC8CB3512522270400AA4ED9 /* ViewController.swift in Sources */,
				BC8CB34D2522270400AA4ED9 /* AppDelegate.swift in Sources */,
				BC8CB34F2522270400AA4ED9 /* SceneDelegate.swift in Sources */,
			);
			runOnlyForDeploymentPostprocessing = 0;
		};
/* End PBXSourcesBuildPhase section */

/* Begin PBXVariantGroup section */
		BC8CB3522522270500AA4ED9 /* Main.storyboard */ = {
			isa = PBXVariantGroup;
			children = (
				BC8CB3532522270500AA4ED9 /* Base */,
			);
			name = Main.storyboard;
			sourceTree = "<group>";
		};
		BC8CB3572522271400AA4ED9 /* LaunchScreen.storyboard */ = {
			isa = PBXVariantGroup;
			children = (
				BC8CB3582522271400AA4ED9 /* Base */,
			);
			name = LaunchScreen.storyboard;
			sourceTree = "<group>";
		};
/* End PBXVariantGroup section */

/* Begin XCBuildConfiguration section */
		BC8CB35B2522271400AA4ED9 /* Debug */ = {
			isa = XCBuildConfiguration;
			buildSettings = {
				ALWAYS_SEARCH_USER_PATHS = NO;
				CLANG_ANALYZER_NONNULL = YES;
				CLANG_ANALYZER_NUMBER_OBJECT_CONVERSION = YES_AGGRESSIVE;
				CLANG_CXX_LANGUAGE_STANDARD = "gnu++14";
				CLANG_CXX_LIBRARY = "libc++";
				CLANG_ENABLE_MODULES = YES;
				CLANG_ENABLE_OBJC_ARC = YES;
				CLANG_ENABLE_OBJC_WEAK = YES;
				CLANG_WARN_BLOCK_CAPTURE_AUTORELEASING = YES;
				CLANG_WARN_BOOL_CONVERSION = YES;
				CLANG_WARN_COMMA = YES;
				CLANG_WARN_CONSTANT_CONVERSION = YES;
				CLANG_WARN_DEPRECATED_OBJC_IMPLEMENTATIONS = YES;
				CLANG_WARN_DIRECT_OBJC_ISA_USAGE = YES_ERROR;
				CLANG_WARN_DOCUMENTATION_COMMENTS = YES;
				CLANG_WARN_EMPTY_BODY = YES;
				CLANG_WARN_ENUM_CONVERSION = YES;
				CLANG_WARN_INFINITE_RECURSION = YES;
				CLANG_WARN_INT_CONVERSION = YES;
				CLANG_WARN_NON_LITERAL_NULL_CONVERSION = YES;
				CLANG_WARN_OBJC_IMPLICIT_RETAIN_SELF = YES;
				CLANG_WARN_OBJC_LITERAL_CONVERSION = YES;
				CLANG_WARN_OBJC_ROOT_CLASS = YES_ERROR;
				CLANG_WARN_QUOTED_INCLUDE_IN_FRAMEWORK_HEADER = YES;
				CLANG_WARN_RANGE_LOOP_ANALYSIS = YES;
				CLANG_WARN_STRICT_PROTOTYPES = YES;
				CLANG_WARN_SUSPICIOUS_MOVE = YES;
				CLANG_WARN_UNGUARDED_AVAILABILITY = YES_AGGRESSIVE;
				CLANG_WARN_UNREACHABLE_CODE = YES;
				CLANG_WARN__DUPLICATE_METHOD_MATCH = YES;
				COPY_PHASE_STRIP = NO;
				DEBUG_INFORMATION_FORMAT = dwarf;
				ENABLE_STRICT_OBJC_MSGSEND = YES;
				ENABLE_TESTABILITY = YES;
				GCC_C_LANGUAGE_STANDARD = gnu11;
				GCC_DYNAMIC_NO_PIC = NO;
				GCC_NO_COMMON_BLOCKS = YES;
				GCC_OPTIMIZATION_LEVEL = 0;
				GCC_PREPROCESSOR_DEFINITIONS = (
					"DEBUG=1",
					"$(inherited)",
				);
				GCC_WARN_64_TO_32_BIT_CONVERSION = YES;
				GCC_WARN_ABOUT_RETURN_TYPE = YES_ERROR;
				GCC_WARN_UNDECLARED_SELECTOR = YES;
				GCC_WARN_UNINITIALIZED_AUTOS = YES_AGGRESSIVE;
				GCC_WARN_UNUSED_FUNCTION = YES;
				GCC_WARN_UNUSED_VARIABLE = YES;
				IPHONEOS_DEPLOYMENT_TARGET = 14.0;
				MTL_ENABLE_DEBUG_INFO = INCLUDE_SOURCE;
				MTL_FAST_MATH = YES;
				ONLY_ACTIVE_ARCH = YES;
				SDKROOT = iphoneos;
				SWIFT_ACTIVE_COMPILATION_CONDITIONS = DEBUG;
				SWIFT_OPTIMIZATION_LEVEL = "-Onone";
			};
			name = Debug;
		};
		BC8CB35C2522271400AA4ED9 /* Release */ = {
			isa = XCBuildConfiguration;
			buildSettings = {
				ALWAYS_SEARCH_USER_PATHS = NO;
				CLANG_ANALYZER_NONNULL = YES;
				CLANG_ANALYZER_NUMBER_OBJECT_CONVERSION = YES_AGGRESSIVE;
				CLANG_CXX_LANGUAGE_STANDARD = "gnu++14";
				CLANG_CXX_LIBRARY = "libc++";
				CLANG_ENABLE_MODULES = YES;
				CLANG_ENABLE_OBJC_ARC = YES;
				CLANG_ENABLE_OBJC_WEAK = YES;
				CLANG_WARN_BLOCK_CAPTURE_AUTORELEASING = YES;
				CLANG_WARN_BOOL_CONVERSION = YES;
				CLANG_WARN_COMMA = YES;
				CLANG_WARN_CONSTANT_CONVERSION = YES;
				CLANG_WARN_DEPRECATED_OBJC_IMPLEMENTATIONS = YES;
				CLANG_WARN_DIRECT_OBJC_ISA_USAGE = YES_ERROR;
				CLANG_WARN_DOCUMENTATION_COMMENTS = YES;
				CLANG_WARN_EMPTY_BODY = YES;
				CLANG_WARN_ENUM_CONVERSION = YES;
				CLANG_WARN_INFINITE_RECURSION = YES;
				CLANG_WARN_INT_CONVERSION = YES;
				CLANG_WARN_NON_LITERAL_NULL_CONVERSION = YES;
				CLANG_WARN_OBJC_IMPLICIT_RETAIN_SELF = YES;
				CLANG_WARN_OBJC_LITERAL_CONVERSION = YES;
				CLANG_WARN_OBJC_ROOT_CLASS = YES_ERROR;
				CLANG_WARN_QUOTED_INCLUDE_IN_FRAMEWORK_HEADER = YES;
				CLANG_WARN_RANGE_LOOP_ANALYSIS = YES;
				CLANG_WARN_STRICT_PROTOTYPES = YES;
				CLANG_WARN_SUSPICIOUS_MOVE = YES;
				CLANG_WARN_UNGUARDED_AVAILABILITY = YES_AGGRESSIVE;
				CLANG_WARN_UNREACHABLE_CODE = YES;
				CLANG_WARN__DUPLICATE_METHOD_MATCH = YES;
				COPY_PHASE_STRIP = NO;
				DEBUG_INFORMATION_FORMAT = "dwarf-with-dsym";
				ENABLE_NS_ASSERTIONS = NO;
				ENABLE_STRICT_OBJC_MSGSEND = YES;
				GCC_C_LANGUAGE_STANDARD = gnu11;
				GCC_NO_COMMON_BLOCKS = YES;
				GCC_WARN_64_TO_32_BIT_CONVERSION = YES;
				GCC_WARN_ABOUT_RETURN_TYPE = YES_ERROR;
				GCC_WARN_UNDECLARED_SELECTOR = YES;
				GCC_WARN_UNINITIALIZED_AUTOS = YES_AGGRESSIVE;
				GCC_WARN_UNUSED_FUNCTION = YES;
				GCC_WARN_UNUSED_VARIABLE = YES;
				IPHONEOS_DEPLOYMENT_TARGET = 14.0;
				MTL_ENABLE_DEBUG_INFO = NO;
				MTL_FAST_MATH = YES;
				SDKROOT = iphoneos;
				SWIFT_COMPILATION_MODE = wholemodule;
				SWIFT_OPTIMIZATION_LEVEL = "-O";
				VALIDATE_PRODUCT = YES;
			};
			name = Release;
		};
		BC8CB35E2522271400AA4ED9 /* Debug */ = {
			isa = XCBuildConfiguration;
			buildSettings = {
				ASSETCATALOG_COMPILER_APPICON_NAME = AppIcon;
				ASSETCATALOG_COMPILER_GLOBAL_ACCENT_COLOR_NAME = AccentColor;
				CODE_SIGN_STYLE = Automatic;
				CURRENT_PROJECT_VERSION = 2;
				DEVELOPMENT_TEAM = HFG94S52NY;
				INFOPLIST_FILE = Hangman/Info.plist;
				LD_RUNPATH_SEARCH_PATHS = (
					"$(inherited)",
					"@executable_path/Frameworks",
				);
				PRODUCT_BUNDLE_IDENTIFIER = com.ekaterinaakchurina.Hangman;
				PRODUCT_NAME = "$(TARGET_NAME)";
				SWIFT_VERSION = 5.0;
				TARGETED_DEVICE_FAMILY = "1,2";
			};
			name = Debug;
		};
		BC8CB35F2522271400AA4ED9 /* Release */ = {
			isa = XCBuildConfiguration;
			buildSettings = {
				ASSETCATALOG_COMPILER_APPICON_NAME = AppIcon;
				ASSETCATALOG_COMPILER_GLOBAL_ACCENT_COLOR_NAME = AccentColor;
				CODE_SIGN_STYLE = Automatic;
				CURRENT_PROJECT_VERSION = 2;
				DEVELOPMENT_TEAM = HFG94S52NY;
				INFOPLIST_FILE = Hangman/Info.plist;
				LD_RUNPATH_SEARCH_PATHS = (
					"$(inherited)",
					"@executable_path/Frameworks",
				);
				PRODUCT_BUNDLE_IDENTIFIER = com.ekaterinaakchurina.Hangman;
				PRODUCT_NAME = "$(TARGET_NAME)";
				SWIFT_VERSION = 5.0;
				TARGETED_DEVICE_FAMILY = "1,2";
			};
			name = Release;
		};
/* End XCBuildConfiguration section */

/* Begin XCConfigurationList section */
		BC8CB3442522270400AA4ED9 /* Build configuration list for PBXProject "Hangman" */ = {
			isa = XCConfigurationList;
			buildConfigurations = (
				BC8CB35B2522271400AA4ED9 /* Debug */,
				BC8CB35C2522271400AA4ED9 /* Release */,
			);
			defaultConfigurationIsVisible = 0;
			defaultConfigurationName = Release;
		};
		BC8CB35D2522271400AA4ED9 /* Build configuration list for PBXNativeTarget "Hangman" */ = {
			isa = XCConfigurationList;
			buildConfigurations = (
				BC8CB35E2522271400AA4ED9 /* Debug */,
				BC8CB35F2522271400AA4ED9 /* Release */,
			);
			defaultConfigurationIsVisible = 0;
			defaultConfigurationName = Release;
		};
/* End XCConfigurationList section */
	};
	rootObject = BC8CB3412522270400AA4ED9 /* Project object */;
}
